
Microsoft Visual Studio Solution File, Format Version 12.00
# Visual Studio Version 17
VisualStudioVersion = 17.5.2.0
MinimumVisualStudioVersion = 10.0.40219.1
Project("{2150E333-8FDC-42A3-9474-1A3956D46DE8}") = "unione_csharp", "unione_csharp", "{95B3B368-6A5C-18CF-2092-EA43AB7C314E}"
EndProject
Project("{2150E333-8FDC-42A3-9474-1A3956D46DE8}") = "src", "src", "{CE6E736B-1CFE-CF47-9BEA-2B16E60DC144}"
EndProject
Project("{FAE04EC0-301F-11D3-BF4B-00C04F79EFBC}") = "UniOne.Api", "unione_csharp\src\UniOne.Api\UniOne.Api.csproj", "{037BBBAD-B214-4ED8-BC06-A17A2DBC9BED}"
EndProject
Project("{FAE04EC0-301F-11D3-BF4B-00C04F79EFBC}") = "UniOne.Application", "unione_csharp\src\UniOne.Application\UniOne.Application.csproj", "{BA6870F2-8A31-4BA3-9CE2-2EC8634BBD38}"
EndProject
Project("{FAE04EC0-301F-11D3-BF4B-00C04F79EFBC}") = "UniOne.Domain", "unione_csharp\src\UniOne.Domain\UniOne.Domain.csproj", "{9DAAD1A2-697B-44FD-91F2-4C237077EE4D}"
EndProject
Project("{FAE04EC0-301F-11D3-BF4B-00C04F79EFBC}") = "UniOne.Infrastructure", "unione_csharp\src\UniOne.Infrastructure\UniOne.Infrastructure.csproj", "{9738C31A-3F30-4F8B-8F5A-E04F26D54443}"
EndProject
Project("{2150E333-8FDC-42A3-9474-1A3956D46DE8}") = "tests", "tests", "{A96EEDAB-33B4-C87B-634E-AD1394B5FFB4}"
EndProject
Project("{FAE04EC0-301F-11D3-BF4B-00C04F79EFBC}") = "UniOne.UnitTests", "unione_csharp\tests\UniOne.UnitTests\UniOne.UnitTests.csproj", "{FBB45818-67FA-434D-913E-1C398ECD24AF}"
EndProject
Project("{FAE04EC0-301F-11D3-BF4B-00C04F79EFBC}") = "UniOne.IntegrationTests", "unione_csharp\tests\UniOne.IntegrationTests\UniOne.IntegrationTests.csproj", "{8DFB9B3F-642B-4251-9823-2E0EC6D0134E}"
EndProject
Global
	GlobalSection(SolutionConfigurationPlatforms) = preSolution
		Debug|Any CPU = Debug|Any CPU
		Debug|x64 = Debug|x64
		Debug|x86 = Debug|x86
		Release|Any CPU = Release|Any CPU
		Release|x64 = Release|x64
		Release|x86 = Release|x86
	EndGlobalSection
	GlobalSection(ProjectConfigurationPlatforms) = postSolution
		{037BBBAD-B214-4ED8-BC06-A17A2DBC9BED}.Debug|Any CPU.ActiveCfg = Debug|Any CPU
		{037BBBAD-B214-4ED8-BC06-A17A2DBC9BED}.Debug|Any CPU.Build.0 = Debug|Any CPU
		{037BBBAD-B214-4ED8-BC06-A17A2DBC9BED}.Debug|x64.ActiveCfg = Debug|Any CPU
		{037BBBAD-B214-4ED8-BC06-A17A2DBC9BED}.Debug|x64.Build.0 = Debug|Any CPU
		{037BBBAD-B214-4ED8-BC06-A17A2DBC9BED}.Debug|x86.ActiveCfg = Debug|Any CPU
		{037BBBAD-B214-4ED8-BC06-A17A2DBC9BED}.Debug|x86.Build.0 = Debug|Any CPU
		{037BBBAD-B214-4ED8-BC06-A17A2DBC9BED}.Release|Any CPU.ActiveCfg = Release|Any CPU
		{037BBBAD-B214-4ED8-BC06-A17A2DBC9BED}.Release|Any CPU.Build.0 = Release|Any CPU
		{037BBBAD-B214-4ED8-BC06-A17A2DBC9BED}.Release|x64.ActiveCfg = Release|Any CPU
		{037BBBAD-B214-4ED8-BC06-A17A2DBC9BED}.Release|x64.Build.0 = Release|Any CPU
		{037BBBAD-B214-4ED8-BC06-A17A2DBC9BED}.Release|x86.ActiveCfg = Release|Any CPU
		{037BBBAD-B214-4ED8-BC06-A17A2DBC9BED}.Release|x86.Build.0 = Release|Any CPU
		{BA6870F2-8A31-4BA3-9CE2-2EC8634BBD38}.Debug|Any CPU.ActiveCfg = Debug|Any CPU
		{BA6870F2-8A31-4BA3-9CE2-2EC8634BBD38}.Debug|Any CPU.Build.0 = Debug|Any CPU
		{BA6870F2-8A31-4BA3-9CE2-2EC8634BBD38}.Debug|x64.ActiveCfg = Debug|Any CPU
		{BA6870F2-8A31-4BA3-9CE2-2EC8634BBD38}.Debug|x64.Build.0 = Debug|Any CPU
		{BA6870F2-8A31-4BA3-9CE2-2EC8634BBD38}.Debug|x86.ActiveCfg = Debug|Any CPU
		{BA6870F2-8A31-4BA3-9CE2-2EC8634BBD38}.Debug|x86.Build.0 = Debug|Any CPU
		{BA6870F2-8A31-4BA3-9CE2-2EC8634BBD38}.Release|Any CPU.ActiveCfg = Release|Any CPU
		{BA6870F2-8A31-4BA3-9CE2-2EC8634BBD38}.Release|Any CPU.Build.0 = Release|Any CPU
		{BA6870F2-8A31-4BA3-9CE2-2EC8634BBD38}.Release|x64.ActiveCfg = Release|Any CPU
		{BA6870F2-8A31-4BA3-9CE2-2EC8634BBD38}.Release|x64.Build.0 = Release|Any CPU
		{BA6870F2-8A31-4BA3-9CE2-2EC8634BBD38}.Release|x86.ActiveCfg = Release|Any CPU
		{BA6870F2-8A31-4BA3-9CE2-2EC8634BBD38}.Release|x86.Build.0 = Release|Any CPU
		{9DAAD1A2-697B-44FD-91F2-4C237077EE4D}.Debug|Any CPU.ActiveCfg = Debug|Any CPU
		{9DAAD1A2-697B-44FD-91F2-4C237077EE4D}.Debug|Any CPU.Build.0 = Debug|Any CPU
		{9DAAD1A2-697B-44FD-91F2-4C237077EE4D}.Debug|x64.ActiveCfg = Debug|Any CPU
		{9DAAD1A2-697B-44FD-91F2-4C237077EE4D}.Debug|x64.Build.0 = Debug|Any CPU
		{9DAAD1A2-697B-44FD-91F2-4C237077EE4D}.Debug|x86.ActiveCfg = Debug|Any CPU
		{9DAAD1A2-697B-44FD-91F2-4C237077EE4D}.Debug|x86.Build.0 = Debug|Any CPU
		{9DAAD1A2-697B-44FD-91F2-4C237077EE4D}.Release|Any CPU.ActiveCfg = Release|Any CPU
		{9DAAD1A2-697B-44FD-91F2-4C237077EE4D}.Release|Any CPU.Build.0 = Release|Any CPU
		{9DAAD1A2-697B-44FD-91F2-4C237077EE4D}.Release|x64.ActiveCfg = Release|Any CPU
		{9DAAD1A2-697B-44FD-91F2-4C237077EE4D}.Release|x64.Build.0 = Release|Any CPU
		{9DAAD1A2-697B-44FD-91F2-4C237077EE4D}.Release|x86.ActiveCfg = Release|Any CPU
		{9DAAD1A2-697B-44FD-91F2-4C237077EE4D}.Release|x86.Build.0 = Release|Any CPU
		{9738C31A-3F30-4F8B-8F5A-E04F26D54443}.Debug|Any CPU.ActiveCfg = Debug|Any CPU
		{9738C31A-3F30-4F8B-8F5A-E04F26D54443}.Debug|Any CPU.Build.0 = Debug|Any CPU
		{9738C31A-3F30-4F8B-8F5A-E04F26D54443}.Debug|x64.ActiveCfg = Debug|Any CPU
		{9738C31A-3F30-4F8B-8F5A-E04F26D54443}.Debug|x64.Build.0 = Debug|Any CPU
		{9738C31A-3F30-4F8B-8F5A-E04F26D54443}.Debug|x86.ActiveCfg = Debug|Any CPU
		{9738C31A-3F30-4F8B-8F5A-E04F26D54443}.Debug|x86.Build.0 = Debug|Any CPU
		{9738C31A-3F30-4F8B-8F5A-E04F26D54443}.Release|Any CPU.ActiveCfg = Release|Any CPU
		{9738C31A-3F30-4F8B-8F5A-E04F26D54443}.Release|Any CPU.Build.0 = Release|Any CPU
		{9738C31A-3F30-4F8B-8F5A-E04F26D54443}.Release|x64.ActiveCfg = Release|Any CPU
		{9738C31A-3F30-4F8B-8F5A-E04F26D54443}.Release|x64.Build.0 = Release|Any CPU
		{9738C31A-3F30-4F8B-8F5A-E04F26D54443}.Release|x86.ActiveCfg = Release|Any CPU
		{9738C31A-3F30-4F8B-8F5A-E04F26D54443}.Release|x86.Build.0 = Release|Any CPU
		{FBB45818-67FA-434D-913E-1C398ECD24AF}.Debug|Any CPU.ActiveCfg = Debug|Any CPU
		{FBB45818-67FA-434D-913E-1C398ECD24AF}.Debug|Any CPU.Build.0 = Debug|Any CPU
		{FBB45818-67FA-434D-913E-1C398ECD24AF}.Debug|x64.ActiveCfg = Debug|Any CPU
		{FBB45818-67FA-434D-913E-1C398ECD24AF}.Debug|x64.Build.0 = Debug|Any CPU
		{FBB45818-67FA-434D-913E-1C398ECD24AF}.Debug|x86.ActiveCfg = Debug|Any CPU
		{FBB45818-67FA-434D-913E-1C398ECD24AF}.Debug|x86.Build.0 = Debug|Any CPU
		{FBB45818-67FA-434D-913E-1C398ECD24AF}.Release|Any CPU.ActiveCfg = Release|Any CPU
		{FBB45818-67FA-434D-913E-1C398ECD24AF}.Release|Any CPU.Build.0 = Release|Any CPU
		{FBB45818-67FA-434D-913E-1C398ECD24AF}.Release|x64.ActiveCfg = Release|Any CPU
		{FBB45818-67FA-434D-913E-1C398ECD24AF}.Release|x64.Build.0 = Release|Any CPU
		{FBB45818-67FA-434D-913E-1C398ECD24AF}.Release|x86.ActiveCfg = Release|Any CPU
		{FBB45818-67FA-434D-913E-1C398ECD24AF}.Release|x86.Build.0 = Release|Any CPU
		{8DFB9B3F-642B-4251-9823-2E0EC6D0134E}.Debug|Any CPU.ActiveCfg = Debug|Any CPU
		{8DFB9B3F-642B-4251-9823-2E0EC6D0134E}.Debug|Any CPU.Build.0 = Debug|Any CPU
		{8DFB9B3F-642B-4251-9823-2E0EC6D0134E}.Debug|x64.ActiveCfg = Debug|Any CPU
		{8DFB9B3F-642B-4251-9823-2E0EC6D0134E}.Debug|x64.Build.0 = Debug|Any CPU
		{8DFB9B3F-642B-4251-9823-2E0EC6D0134E}.Debug|x86.ActiveCfg = Debug|Any CPU
		{8DFB9B3F-642B-4251-9823-2E0EC6D0134E}.Debug|x86.Build.0 = Debug|Any CPU
		{8DFB9B3F-642B-4251-9823-2E0EC6D0134E}.Release|Any CPU.ActiveCfg = Release|Any CPU
		{8DFB9B3F-642B-4251-9823-2E0EC6D0134E}.Release|Any CPU.Build.0 = Release|Any CPU
		{8DFB9B3F-642B-4251-9823-2E0EC6D0134E}.Release|x64.ActiveCfg = Release|Any CPU
		{8DFB9B3F-642B-4251-9823-2E0EC6D0134E}.Release|x64.Build.0 = Release|Any CPU
		{8DFB9B3F-642B-4251-9823-2E0EC6D0134E}.Release|x86.ActiveCfg = Release|Any CPU
		{8DFB9B3F-642B-4251-9823-2E0EC6D0134E}.Release|x86.Build.0 = Release|Any CPU
	EndGlobalSection
	GlobalSection(SolutionProperties) = preSolution
		HideSolutionNode = FALSE
	EndGlobalSection
	GlobalSection(NestedProjects) = preSolution
		{CE6E736B-1CFE-CF47-9BEA-2B16E60DC144} = {95B3B368-6A5C-18CF-2092-EA43AB7C314E}
		{037BBBAD-B214-4ED8-BC06-A17A2DBC9BED} = {CE6E736B-1CFE-CF47-9BEA-2B16E60DC144}
		{BA6870F2-8A31-4BA3-9CE2-2EC8634BBD38} = {CE6E736B-1CFE-CF47-9BEA-2B16E60DC144}
		{9DAAD1A2-697B-44FD-91F2-4C237077EE4D} = {CE6E736B-1CFE-CF47-9BEA-2B16E60DC144}
		{9738C31A-3F30-4F8B-8F5A-E04F26D54443} = {CE6E736B-1CFE-CF47-9BEA-2B16E60DC144}
		{A96EEDAB-33B4-C87B-634E-AD1394B5FFB4} = {95B3B368-6A5C-18CF-2092-EA43AB7C314E}
		{FBB45818-67FA-434D-913E-1C398ECD24AF} = {A96EEDAB-33B4-C87B-634E-AD1394B5FFB4}
		{8DFB9B3F-642B-4251-9823-2E0EC6D0134E} = {A96EEDAB-33B4-C87B-634E-AD1394B5FFB4}
	EndGlobalSection
	GlobalSection(ExtensibilityGlobals) = postSolution
		SolutionGuid = {C51E4171-2394-4D9C-861E-E59D18309EE8}
	EndGlobalSection
EndGlobal
